
Microsoft Visual Studio Solution File, Format Version 12.00
# Visual Studio 15
Project("{FAE04EC0-301F-11D3-BF4B-00C04F79EFBC}") = "Assembly-CSharp", "Assembly-CSharp.csproj", "{709562CA-B349-C139-9EF7-0DF6BB72ECF9}"
EndProject
Project("{FAE04EC0-301F-11D3-BF4B-00C04F79EFBC}") = "NavMeshComponents", "NavMeshComponents.csproj", "{D331DDEE-3610-CB23-A3F0-BC414F0DC26C}"
EndProject
Project("{FAE04EC0-301F-11D3-BF4B-00C04F79EFBC}") = "NavMeshComponentsEditor", "NavMeshComponentsEditor.csproj", "{557FF3B3-FF11-7ADB-1D54-D4D7D7E07F3E}"
EndProject
Project("{FAE04EC0-301F-11D3-BF4B-00C04F79EFBC}") = "Assembly-CSharp-Editor", "Assembly-CSharp-Editor.csproj", "{6B858877-83F2-10D6-99E8-749CC243733E}"
EndProject
Global
	GlobalSection(SolutionConfigurationPlatforms) = preSolution
		Debug|Any CPU = Debug|Any CPU
		Release|Any CPU = Release|Any CPU
	EndGlobalSection
	GlobalSection(ProjectConfigurationPlatforms) = postSolution
		{709562CA-B349-C139-9EF7-0DF6BB72ECF9}.Debug|Any CPU.ActiveCfg = Debug|Any CPU
		{709562CA-B349-C139-9EF7-0DF6BB72ECF9}.Debug|Any CPU.Build.0 = Debug|Any CPU
		{709562CA-B349-C139-9EF7-0DF6BB72ECF9}.Release|Any CPU.ActiveCfg = Release|Any CPU
		{709562CA-B349-C139-9EF7-0DF6BB72ECF9}.Release|Any CPU.Build.0 = Release|Any CPU
		{D331DDEE-3610-CB23-A3F0-BC414F0DC26C}.Debug|Any CPU.ActiveCfg = Debug|Any CPU
		{D331DDEE-3610-CB23-A3F0-BC414F0DC26C}.Debug|Any CPU.Build.0 = Debug|Any CPU
		{D331DDEE-3610-CB23-A3F0-BC414F0DC26C}.Release|Any CPU.ActiveCfg = Release|Any CPU
		{D331DDEE-3610-CB23-A3F0-BC414F0DC26C}.Release|Any CPU.Build.0 = Release|Any CPU
		{557FF3B3-FF11-7ADB-1D54-D4D7D7E07F3E}.Debug|Any CPU.ActiveCfg = Debug|Any CPU
		{557FF3B3-FF11-7ADB-1D54-D4D7D7E07F3E}.Debug|Any CPU.Build.0 = Debug|Any CPU
		{557FF3B3-FF11-7ADB-1D54-D4D7D7E07F3E}.Release|Any CPU.ActiveCfg = Release|Any CPU
		{557FF3B3-FF11-7ADB-1D54-D4D7D7E07F3E}.Release|Any CPU.Build.0 = Release|Any CPU
		{6B858877-83F2-10D6-99E8-749CC243733E}.Debug|Any CPU.ActiveCfg = Debug|Any CPU
		{6B858877-83F2-10D6-99E8-749CC243733E}.Debug|Any CPU.Build.0 = Debug|Any CPU
		{6B858877-83F2-10D6-99E8-749CC243733E}.Release|Any CPU.ActiveCfg = Release|Any CPU
		{6B858877-83F2-10D6-99E8-749CC243733E}.Release|Any CPU.Build.0 = Release|Any CPU
	EndGlobalSection
	GlobalSection(SolutionProperties) = preSolution
		HideSolutionNode = FALSE
	EndGlobalSection
EndGlobal
